
Microsoft Visual Studio Solution File, Format Version 12.00
# Visual Studio 14
VisualStudioVersion = 14.0.24720.0
MinimumVisualStudioVersion = 10.0.40219.1
Project("{FAE04EC0-301F-11D3-BF4B-00C04F79EFBC}") = "GridExampleApp", "GridExampleApp\GridExampleApp.csproj", "{FEE5180E-1CF0-4A78-B691-580C92FCC44B}"
EndProject
Project("{FAE04EC0-301F-11D3-BF4B-00C04F79EFBC}") = "StackpanelExampleApp", "StackpanelExampleApp\StackpanelExampleApp.csproj", "{94399A9E-6350-4ECD-AEB0-B345A28E2453}"
EndProject
Project("{FAE04EC0-301F-11D3-BF4B-00C04F79EFBC}") = "EmployeeApp", "EmployeeApp\EmployeeApp.csproj", "{AD73274C-BD5F-4323-B341-E6C5823C0986}"
EndProject
Project("{FAE04EC0-301F-11D3-BF4B-00C04F79EFBC}") = "Tehtävä1", "Tehtävä1\Tehtävä1.csproj", "{313992A1-C773-4331-86E1-79E76134BAE2}"
EndProject
Global
	GlobalSection(SolutionConfigurationPlatforms) = preSolution
		Debug|ARM = Debug|ARM
		Debug|x64 = Debug|x64
		Debug|x86 = Debug|x86
		Release|ARM = Release|ARM
		Release|x64 = Release|x64
		Release|x86 = Release|x86
	EndGlobalSection
	GlobalSection(ProjectConfigurationPlatforms) = postSolution
		{FEE5180E-1CF0-4A78-B691-580C92FCC44B}.Debug|ARM.ActiveCfg = Debug|ARM
		{FEE5180E-1CF0-4A78-B691-580C92FCC44B}.Debug|ARM.Build.0 = Debug|ARM
		{FEE5180E-1CF0-4A78-B691-580C92FCC44B}.Debug|ARM.Deploy.0 = Debug|ARM
		{FEE5180E-1CF0-4A78-B691-580C92FCC44B}.Debug|x64.ActiveCfg = Debug|x64
		{FEE5180E-1CF0-4A78-B691-580C92FCC44B}.Debug|x64.Build.0 = Debug|x64
		{FEE5180E-1CF0-4A78-B691-580C92FCC44B}.Debug|x64.Deploy.0 = Debug|x64
		{FEE5180E-1CF0-4A78-B691-580C92FCC44B}.Debug|x86.ActiveCfg = Debug|x86
		{FEE5180E-1CF0-4A78-B691-580C92FCC44B}.Debug|x86.Build.0 = Debug|x86
		{FEE5180E-1CF0-4A78-B691-580C92FCC44B}.Debug|x86.Deploy.0 = Debug|x86
		{FEE5180E-1CF0-4A78-B691-580C92FCC44B}.Release|ARM.ActiveCfg = Release|ARM
		{FEE5180E-1CF0-4A78-B691-580C92FCC44B}.Release|ARM.Build.0 = Release|ARM
		{FEE5180E-1CF0-4A78-B691-580C92FCC44B}.Release|ARM.Deploy.0 = Release|ARM
		{FEE5180E-1CF0-4A78-B691-580C92FCC44B}.Release|x64.ActiveCfg = Release|x64
		{FEE5180E-1CF0-4A78-B691-580C92FCC44B}.Release|x64.Build.0 = Release|x64
		{FEE5180E-1CF0-4A78-B691-580C92FCC44B}.Release|x64.Deploy.0 = Release|x64
		{FEE5180E-1CF0-4A78-B691-580C92FCC44B}.Release|x86.ActiveCfg = Release|x86
		{FEE5180E-1CF0-4A78-B691-580C92FCC44B}.Release|x86.Build.0 = Release|x86
		{FEE5180E-1CF0-4A78-B691-580C92FCC44B}.Release|x86.Deploy.0 = Release|x86
		{94399A9E-6350-4ECD-AEB0-B345A28E2453}.Debug|ARM.ActiveCfg = Debug|ARM
		{94399A9E-6350-4ECD-AEB0-B345A28E2453}.Debug|ARM.Build.0 = Debug|ARM
		{94399A9E-6350-4ECD-AEB0-B345A28E2453}.Debug|ARM.Deploy.0 = Debug|ARM
		{94399A9E-6350-4ECD-AEB0-B345A28E2453}.Debug|x64.ActiveCfg = Debug|x64
		{94399A9E-6350-4ECD-AEB0-B345A28E2453}.Debug|x64.Build.0 = Debug|x64
		{94399A9E-6350-4ECD-AEB0-B345A28E2453}.Debug|x64.Deploy.0 = Debug|x64
		{94399A9E-6350-4ECD-AEB0-B345A28E2453}.Debug|x86.ActiveCfg = Debug|x86
		{94399A9E-6350-4ECD-AEB0-B345A28E2453}.Debug|x86.Build.0 = Debug|x86
		{94399A9E-6350-4ECD-AEB0-B345A28E2453}.Debug|x86.Deploy.0 = Debug|x86
		{94399A9E-6350-4ECD-AEB0-B345A28E2453}.Release|ARM.ActiveCfg = Release|ARM
		{94399A9E-6350-4ECD-AEB0-B345A28E2453}.Release|ARM.Build.0 = Release|ARM
		{94399A9E-6350-4ECD-AEB0-B345A28E2453}.Release|ARM.Deploy.0 = Release|ARM
		{94399A9E-6350-4ECD-AEB0-B345A28E2453}.Release|x64.ActiveCfg = Release|x64
		{94399A9E-6350-4ECD-AEB0-B345A28E2453}.Release|x64.Build.0 = Release|x64
		{94399A9E-6350-4ECD-AEB0-B345A28E2453}.Release|x64.Deploy.0 = Release|x64
		{94399A9E-6350-4ECD-AEB0-B345A28E2453}.Release|x86.ActiveCfg = Release|x86
		{94399A9E-6350-4ECD-AEB0-B345A28E2453}.Release|x86.Build.0 = Release|x86
		{94399A9E-6350-4ECD-AEB0-B345A28E2453}.Release|x86.Deploy.0 = Release|x86
		{AD73274C-BD5F-4323-B341-E6C5823C0986}.Debug|ARM.ActiveCfg = Debug|ARM
		{AD73274C-BD5F-4323-B341-E6C5823C0986}.Debug|ARM.Build.0 = Debug|ARM
		{AD73274C-BD5F-4323-B341-E6C5823C0986}.Debug|ARM.Deploy.0 = Debug|ARM
		{AD73274C-BD5F-4323-B341-E6C5823C0986}.Debug|x64.ActiveCfg = Debug|x64
		{AD73274C-BD5F-4323-B341-E6C5823C0986}.Debug|x64.Build.0 = Debug|x64
		{AD73274C-BD5F-4323-B341-E6C5823C0986}.Debug|x64.Deploy.0 = Debug|x64
		{AD73274C-BD5F-4323-B341-E6C5823C0986}.Debug|x86.ActiveCfg = Debug|x86
		{AD73274C-BD5F-4323-B341-E6C5823C0986}.Debug|x86.Build.0 = Debug|x86
		{AD73274C-BD5F-4323-B341-E6C5823C0986}.Debug|x86.Deploy.0 = Debug|x86
		{AD73274C-BD5F-4323-B341-E6C5823C0986}.Release|ARM.ActiveCfg = Release|ARM
		{AD73274C-BD5F-4323-B341-E6C5823C0986}.Release|ARM.Build.0 = Release|ARM
		{AD73274C-BD5F-4323-B341-E6C5823C0986}.Release|ARM.Deploy.0 = Release|ARM
		{AD73274C-BD5F-4323-B341-E6C5823C0986}.Release|x64.ActiveCfg = Release|x64
		{AD73274C-BD5F-4323-B341-E6C5823C0986}.Release|x64.Build.0 = Release|x64
		{AD73274C-BD5F-4323-B341-E6C5823C0986}.Release|x64.Deploy.0 = Release|x64
		{AD73274C-BD5F-4323-B341-E6C5823C0986}.Release|x86.ActiveCfg = Release|x86
		{AD73274C-BD5F-4323-B341-E6C5823C0986}.Release|x86.Build.0 = Release|x86
		{AD73274C-BD5F-4323-B341-E6C5823C0986}.Release|x86.Deploy.0 = Release|x86
		{313992A1-C773-4331-86E1-79E76134BAE2}.Debug|ARM.ActiveCfg = Debug|ARM
		{313992A1-C773-4331-86E1-79E76134BAE2}.Debug|ARM.Build.0 = Debug|ARM
		{313992A1-C773-4331-86E1-79E76134BAE2}.Debug|ARM.Deploy.0 = Debug|ARM
		{313992A1-C773-4331-86E1-79E76134BAE2}.Debug|x64.ActiveCfg = Debug|x64
		{313992A1-C773-4331-86E1-79E76134BAE2}.Debug|x64.Build.0 = Debug|x64
		{313992A1-C773-4331-86E1-79E76134BAE2}.Debug|x64.Deploy.0 = Debug|x64
		{313992A1-C773-4331-86E1-79E76134BAE2}.Debug|x86.ActiveCfg = Debug|x86
		{313992A1-C773-4331-86E1-79E76134BAE2}.Debug|x86.Build.0 = Debug|x86
		{313992A1-C773-4331-86E1-79E76134BAE2}.Debug|x86.Deploy.0 = Debug|x86
		{313992A1-C773-4331-86E1-79E76134BAE2}.Release|ARM.ActiveCfg = Release|ARM
		{313992A1-C773-4331-86E1-79E76134BAE2}.Release|ARM.Build.0 = Release|ARM
		{313992A1-C773-4331-86E1-79E76134BAE2}.Release|ARM.Deploy.0 = Release|ARM
		{313992A1-C773-4331-86E1-79E76134BAE2}.Release|x64.ActiveCfg = Release|x64
		{313992A1-C773-4331-86E1-79E76134BAE2}.Release|x64.Build.0 = Release|x64
		{313992A1-C773-4331-86E1-79E76134BAE2}.Release|x64.Deploy.0 = Release|x64
		{313992A1-C773-4331-86E1-79E76134BAE2}.Release|x86.ActiveCfg = Release|x86
		{313992A1-C773-4331-86E1-79E76134BAE2}.Release|x86.Build.0 = Release|x86
		{313992A1-C773-4331-86E1-79E76134BAE2}.Release|x86.Deploy.0 = Release|x86
	EndGlobalSection
	GlobalSection(SolutionProperties) = preSolution
		HideSolutionNode = FALSE
	EndGlobalSection
EndGlobal
