
Microsoft Visual Studio Solution File, Format Version 12.00
# Visual Studio 14
VisualStudioVersion = 14.0.24720.0
MinimumVisualStudioVersion = 10.0.40219.1
Project("{FAE04EC0-301F-11D3-BF4B-00C04F79EFBC}") = "DrawApplication", "DrawApplication\DrawApplication.csproj", "{5F406B14-D81B-4C56-BCB8-9D8BA781D144}"
EndProject
Project("{FAE04EC0-301F-11D3-BF4B-00C04F79EFBC}") = "VehicleApp", "VehicleApp\VehicleApp.csproj", "{762901C7-E344-4553-8229-B5D9F57E9D3B}"
EndProject
Global
	GlobalSection(SolutionConfigurationPlatforms) = preSolution
		Debug|Any CPU = Debug|Any CPU
		Release|Any CPU = Release|Any CPU
	EndGlobalSection
	GlobalSection(ProjectConfigurationPlatforms) = postSolution
		{5F406B14-D81B-4C56-BCB8-9D8BA781D144}.Debug|Any CPU.ActiveCfg = Debug|Any CPU
		{5F406B14-D81B-4C56-BCB8-9D8BA781D144}.Debug|Any CPU.Build.0 = Debug|Any CPU
		{5F406B14-D81B-4C56-BCB8-9D8BA781D144}.Release|Any CPU.ActiveCfg = Release|Any CPU
		{5F406B14-D81B-4C56-BCB8-9D8BA781D144}.Release|Any CPU.Build.0 = Release|Any CPU
		{762901C7-E344-4553-8229-B5D9F57E9D3B}.Debug|Any CPU.ActiveCfg = Debug|Any CPU
		{762901C7-E344-4553-8229-B5D9F57E9D3B}.Debug|Any CPU.Build.0 = Debug|Any CPU
		{762901C7-E344-4553-8229-B5D9F57E9D3B}.Release|Any CPU.ActiveCfg = Release|Any CPU
		{762901C7-E344-4553-8229-B5D9F57E9D3B}.Release|Any CPU.Build.0 = Release|Any CPU
	EndGlobalSection
	GlobalSection(SolutionProperties) = preSolution
		HideSolutionNode = FALSE
	EndGlobalSection
EndGlobal
