
Microsoft Visual Studio Solution File, Format Version 12.00
# Visual Studio 14
VisualStudioVersion = 14.0.23107.0
MinimumVisualStudioVersion = 10.0.40219.1
Project("{FAE04EC0-301F-11D3-BF4B-00C04F79EFBC}") = "CarApplication", "CarApplication\CarApplication.csproj", "{455779CB-A451-4F76-B23A-20009BCFE5EC}"
EndProject
Project("{FAE04EC0-301F-11D3-BF4B-00C04F79EFBC}") = "PersonApp", "PersonApp\PersonApp.csproj", "{8A40EBA4-553B-47E1-B139-FC112DAE25F5}"
EndProject
Project("{FAE04EC0-301F-11D3-BF4B-00C04F79EFBC}") = "Tehtävä5", "Tehtävä5\Tehtävä5.csproj", "{E2262AA3-7629-4800-BC28-DC44451F6987}"
EndProject
Project("{FAE04EC0-301F-11D3-BF4B-00C04F79EFBC}") = "Tehtävä6", "Tehtävä6\Tehtävä6.csproj", "{C42668FB-9542-4C39-A501-49F73F88D501}"
EndProject
Project("{FAE04EC0-301F-11D3-BF4B-00C04F79EFBC}") = "Tehtävä7", "Tehtävä7\Tehtävä7.csproj", "{AC65D1A0-4D32-4C36-BEA4-7D4D0B5D3B61}"
EndProject
Global
	GlobalSection(SolutionConfigurationPlatforms) = preSolution
		Debug|Any CPU = Debug|Any CPU
		Release|Any CPU = Release|Any CPU
	EndGlobalSection
	GlobalSection(ProjectConfigurationPlatforms) = postSolution
		{455779CB-A451-4F76-B23A-20009BCFE5EC}.Debug|Any CPU.ActiveCfg = Debug|Any CPU
		{455779CB-A451-4F76-B23A-20009BCFE5EC}.Debug|Any CPU.Build.0 = Debug|Any CPU
		{455779CB-A451-4F76-B23A-20009BCFE5EC}.Release|Any CPU.ActiveCfg = Release|Any CPU
		{455779CB-A451-4F76-B23A-20009BCFE5EC}.Release|Any CPU.Build.0 = Release|Any CPU
		{8A40EBA4-553B-47E1-B139-FC112DAE25F5}.Debug|Any CPU.ActiveCfg = Debug|Any CPU
		{8A40EBA4-553B-47E1-B139-FC112DAE25F5}.Debug|Any CPU.Build.0 = Debug|Any CPU
		{8A40EBA4-553B-47E1-B139-FC112DAE25F5}.Release|Any CPU.ActiveCfg = Release|Any CPU
		{8A40EBA4-553B-47E1-B139-FC112DAE25F5}.Release|Any CPU.Build.0 = Release|Any CPU
		{E2262AA3-7629-4800-BC28-DC44451F6987}.Debug|Any CPU.ActiveCfg = Debug|Any CPU
		{E2262AA3-7629-4800-BC28-DC44451F6987}.Debug|Any CPU.Build.0 = Debug|Any CPU
		{E2262AA3-7629-4800-BC28-DC44451F6987}.Release|Any CPU.ActiveCfg = Release|Any CPU
		{E2262AA3-7629-4800-BC28-DC44451F6987}.Release|Any CPU.Build.0 = Release|Any CPU
		{C42668FB-9542-4C39-A501-49F73F88D501}.Debug|Any CPU.ActiveCfg = Debug|Any CPU
		{C42668FB-9542-4C39-A501-49F73F88D501}.Debug|Any CPU.Build.0 = Debug|Any CPU
		{C42668FB-9542-4C39-A501-49F73F88D501}.Release|Any CPU.ActiveCfg = Release|Any CPU
		{C42668FB-9542-4C39-A501-49F73F88D501}.Release|Any CPU.Build.0 = Release|Any CPU
		{AC65D1A0-4D32-4C36-BEA4-7D4D0B5D3B61}.Debug|Any CPU.ActiveCfg = Debug|Any CPU
		{AC65D1A0-4D32-4C36-BEA4-7D4D0B5D3B61}.Debug|Any CPU.Build.0 = Debug|Any CPU
		{AC65D1A0-4D32-4C36-BEA4-7D4D0B5D3B61}.Release|Any CPU.ActiveCfg = Release|Any CPU
		{AC65D1A0-4D32-4C36-BEA4-7D4D0B5D3B61}.Release|Any CPU.Build.0 = Release|Any CPU
	EndGlobalSection
	GlobalSection(SolutionProperties) = preSolution
		HideSolutionNode = FALSE
	EndGlobalSection
EndGlobal
